// !$*UTF8*$!
{
	archiveVersion = 1;
	classes = {
	};
	objectVersion = 51;
	objects = {

/* Begin PBXBuildFile section */
		01D5D047C62D02C026A224BE /* Pods_AppleMusic.framework in Frameworks */ = {isa = PBXBuildFile; fileRef = FA54B0B4DA2CA0164598E2A4 /* Pods_AppleMusic.framework */; };
		D878901C23943FEB003E0938 /* empty.json in Resources */ = {isa = PBXBuildFile; fileRef = D878901B23943FEB003E0938 /* empty.json */; };
		D8895DCF2394E1B2006A7673 /* LottieView.swift in Sources */ = {isa = PBXBuildFile; fileRef = D8895DCE2394E1B2006A7673 /* LottieView.swift */; };
		D8895DD12394E1C1006A7673 /* LottieView.xib in Resources */ = {isa = PBXBuildFile; fileRef = D8895DD02394E1C1006A7673 /* LottieView.xib */; };
		D8895DD42394E27C006A7673 /* AppTheme.swift in Sources */ = {isa = PBXBuildFile; fileRef = D8895DD32394E27C006A7673 /* AppTheme.swift */; };
		D8895DD823959F35006A7673 /* NoConnection.json in Resources */ = {isa = PBXBuildFile; fileRef = D8895DD723959F35006A7673 /* NoConnection.json */; };
		D88F226A239066FA00F95511 /* SearchSongsAPI.swift in Sources */ = {isa = PBXBuildFile; fileRef = D88F2269239066FA00F95511 /* SearchSongsAPI.swift */; };
		D88F226E2390673300F95511 /* SearchSongsURL.swift in Sources */ = {isa = PBXBuildFile; fileRef = D88F226D2390673300F95511 /* SearchSongsURL.swift */; };
		D88F2270239068C600F95511 /* APIResponse.swift in Sources */ = {isa = PBXBuildFile; fileRef = D88F226F239068C600F95511 /* APIResponse.swift */; };
		D88F22722390696900F95511 /* MainAPI.swift in Sources */ = {isa = PBXBuildFile; fileRef = D88F22712390696900F95511 /* MainAPI.swift */; };
		D88F2276239072DB00F95511 /* Songs.swift in Sources */ = {isa = PBXBuildFile; fileRef = D88F2275239072DB00F95511 /* Songs.swift */; };
		D8E5BC18238AC20B00AAC345 /* AppDelegate.swift in Sources */ = {isa = PBXBuildFile; fileRef = D8E5BC17238AC20B00AAC345 /* AppDelegate.swift */; };
		D8E5BC1A238AC20B00AAC345 /* SceneDelegate.swift in Sources */ = {isa = PBXBuildFile; fileRef = D8E5BC19238AC20B00AAC345 /* SceneDelegate.swift */; };
		D8E5BC21238AC21000AAC345 /* Assets.xcassets in Resources */ = {isa = PBXBuildFile; fileRef = D8E5BC20238AC21000AAC345 /* Assets.xcassets */; };
		D8E5BC24238AC21000AAC345 /* LaunchScreen.storyboard in Resources */ = {isa = PBXBuildFile; fileRef = D8E5BC22238AC21000AAC345 /* LaunchScreen.storyboard */; };
		D8E5BC2C238AC25400AAC345 /* MainTabBarController.swift in Sources */ = {isa = PBXBuildFile; fileRef = D8E5BC2B238AC25400AAC345 /* MainTabBarController.swift */; };
		D8E5BC34238AC2FA00AAC345 /* Search.storyboard in Resources */ = {isa = PBXBuildFile; fileRef = D8E5BC2D238AC2FA00AAC345 /* Search.storyboard */; };
		D8E5BC35238AC2FA00AAC345 /* SearchPresenter.swift in Sources */ = {isa = PBXBuildFile; fileRef = D8E5BC2E238AC2FA00AAC345 /* SearchPresenter.swift */; };
		D8E5BC36238AC2FA00AAC345 /* SearchRouter.swift in Sources */ = {isa = PBXBuildFile; fileRef = D8E5BC2F238AC2FA00AAC345 /* SearchRouter.swift */; };
		D8E5BC37238AC2FA00AAC345 /* SearchViewController.swift in Sources */ = {isa = PBXBuildFile; fileRef = D8E5BC30238AC2FA00AAC345 /* SearchViewController.swift */; };
		D8E5BC38238AC2FA00AAC345 /* SearchProtocols.swift in Sources */ = {isa = PBXBuildFile; fileRef = D8E5BC31238AC2FA00AAC345 /* SearchProtocols.swift */; };
		D8E5BC39238AC2FA00AAC345 /* SearchInteractor.swift in Sources */ = {isa = PBXBuildFile; fileRef = D8E5BC32238AC2FA00AAC345 /* SearchInteractor.swift */; };
		D8E5BC3A238AC2FA00AAC345 /* SearchConfigurator.swift in Sources */ = {isa = PBXBuildFile; fileRef = D8E5BC33238AC2FA00AAC345 /* SearchConfigurator.swift */; };
		D8E5BC43238AC31400AAC345 /* Library.storyboard in Resources */ = {isa = PBXBuildFile; fileRef = D8E5BC3C238AC31400AAC345 /* Library.storyboard */; };
		D8E5BC44238AC31400AAC345 /* LibraryPresenter.swift in Sources */ = {isa = PBXBuildFile; fileRef = D8E5BC3D238AC31400AAC345 /* LibraryPresenter.swift */; };
		D8E5BC45238AC31400AAC345 /* LibraryRouter.swift in Sources */ = {isa = PBXBuildFile; fileRef = D8E5BC3E238AC31400AAC345 /* LibraryRouter.swift */; };
		D8E5BC46238AC31400AAC345 /* LibraryViewController.swift in Sources */ = {isa = PBXBuildFile; fileRef = D8E5BC3F238AC31400AAC345 /* LibraryViewController.swift */; };
		D8E5BC47238AC31400AAC345 /* LibraryProtocols.swift in Sources */ = {isa = PBXBuildFile; fileRef = D8E5BC40238AC31400AAC345 /* LibraryProtocols.swift */; };
		D8E5BC48238AC31400AAC345 /* LibraryInteractor.swift in Sources */ = {isa = PBXBuildFile; fileRef = D8E5BC41238AC31400AAC345 /* LibraryInteractor.swift */; };
		D8E5BC49238AC31400AAC345 /* LibraryConfigurator.swift in Sources */ = {isa = PBXBuildFile; fileRef = D8E5BC42238AC31400AAC345 /* LibraryConfigurator.swift */; };
		EF18B11823A92CFE00963A2C /* TopLibraryView.xib in Resources */ = {isa = PBXBuildFile; fileRef = EF4FDA5923A81366002CC8F0 /* TopLibraryView.xib */; };
		EF3BC4FF239FAFD30089019E /* UIViewController + Storyboard.swift in Sources */ = {isa = PBXBuildFile; fileRef = EF3BC4FE239FAFD30089019E /* UIViewController + Storyboard.swift */; };
		EF3BC501239FD21C0089019E /* SearchingViewController.swift in Sources */ = {isa = PBXBuildFile; fileRef = EF3BC500239FD21C0089019E /* SearchingViewController.swift */; };
		EF466E0023A0EFB100DA98FA /* PMVolumeView.swift in Sources */ = {isa = PBXBuildFile; fileRef = EF466DFF23A0EFB100DA98FA /* PMVolumeView.swift */; };
		EF466E0223A0EFBD00DA98FA /* PMVolumeView.xib in Resources */ = {isa = PBXBuildFile; fileRef = EF466E0123A0EFBD00DA98FA /* PMVolumeView.xib */; };
		EF466E0423A11BAB00DA98FA /* Extension + TableDirector.swift in Sources */ = {isa = PBXBuildFile; fileRef = EF466E0323A11BAB00DA98FA /* Extension + TableDirector.swift */; };
		EF466E0623A11BDA00DA98FA /* UITableView + TableFlip.swift in Sources */ = {isa = PBXBuildFile; fileRef = EF466E0523A11BDA00DA98FA /* UITableView + TableFlip.swift */; };
		EF4FDA5823A8135D002CC8F0 /* TopLibraryView.swift in Sources */ = {isa = PBXBuildFile; fileRef = EF4FDA5723A8135D002CC8F0 /* TopLibraryView.swift */; };
		EF864DF2239D631A0088348F /* Extension + CMTime.swift in Sources */ = {isa = PBXBuildFile; fileRef = EF864DF1239D631A0088348F /* Extension + CMTime.swift */; };
		EF864DF4239ECF620088348F /* Extension + Nib.swift in Sources */ = {isa = PBXBuildFile; fileRef = EF864DF3239ECF620088348F /* Extension + Nib.swift */; };
		EF8DBBD2239A6F6A003A034B /* Extension + ViewController.swift in Sources */ = {isa = PBXBuildFile; fileRef = EF8DBBD1239A6F6A003A034B /* Extension + ViewController.swift */; };
		EF8DBBD5239A6FDA003A034B /* Alertable.swift in Sources */ = {isa = PBXBuildFile; fileRef = EF8DBBD4239A6FDA003A034B /* Alertable.swift */; };
		EF8DBBD7239A6FF6003A034B /* Loadable.swift in Sources */ = {isa = PBXBuildFile; fileRef = EF8DBBD6239A6FF6003A034B /* Loadable.swift */; };
		EF8DBBDB239A8A10003A034B /* TrackDetailView.swift in Sources */ = {isa = PBXBuildFile; fileRef = EF8DBBDA239A8A10003A034B /* TrackDetailView.swift */; };
		EF8DBBDD239A8A1D003A034B /* TrackDetailView.xib in Resources */ = {isa = PBXBuildFile; fileRef = EF8DBBDC239A8A1D003A034B /* TrackDetailView.xib */; };
		EFABB70423A97C62004889F9 /* Extension + CGFloat.swift in Sources */ = {isa = PBXBuildFile; fileRef = EFABB70323A97C62004889F9 /* Extension + CGFloat.swift */; };
		EFABB70723AA2425004889F9 /* BounceButton.swift in Sources */ = {isa = PBXBuildFile; fileRef = EFABB70623AA2425004889F9 /* BounceButton.swift */; };
		EFABB70923AA363D004889F9 /* DesignableBounceButton.swift in Sources */ = {isa = PBXBuildFile; fileRef = EFABB70823AA363D004889F9 /* DesignableBounceButton.swift */; };
		EFBBA80823A01C6500DABC80 /* MainTabBarProtocols.swift in Sources */ = {isa = PBXBuildFile; fileRef = EFBBA80723A01C6500DABC80 /* MainTabBarProtocols.swift */; };
		EFBBA80A23A01CDC00DABC80 /* TrackDetailProtocols.swift in Sources */ = {isa = PBXBuildFile; fileRef = EFBBA80923A01CDC00DABC80 /* TrackDetailProtocols.swift */; };
		EFDE388A23926B83008260E8 /* SearchingManager.swift in Sources */ = {isa = PBXBuildFile; fileRef = EFDE388923926B83008260E8 /* SearchingManager.swift */; };
		EFDE388D239285A0008260E8 /* SearchCell.swift in Sources */ = {isa = PBXBuildFile; fileRef = EFDE388C239285A0008260E8 /* SearchCell.swift */; };
		EFDE3890239285BE008260E8 /* SearchCell.xib in Resources */ = {isa = PBXBuildFile; fileRef = EFDE388F239285BE008260E8 /* SearchCell.xib */; };
		EFDE389323928CB4008260E8 /* Extension + UIView.swift in Sources */ = {isa = PBXBuildFile; fileRef = EFDE389223928CB4008260E8 /* Extension + UIView.swift */; };
		EFDE389523928D17008260E8 /* UIView + Anchors.swift in Sources */ = {isa = PBXBuildFile; fileRef = EFDE389423928D17008260E8 /* UIView + Anchors.swift */; };
/* End PBXBuildFile section */

/* Begin PBXFileReference section */
		6E07352635932420789E1A5A /* Pods-AppleMusic.release.xcconfig */ = {isa = PBXFileReference; includeInIndex = 1; lastKnownFileType = text.xcconfig; name = "Pods-AppleMusic.release.xcconfig"; path = "Target Support Files/Pods-AppleMusic/Pods-AppleMusic.release.xcconfig"; sourceTree = "<group>"; };
		A03EF45E27D18769FAF99281 /* Pods-AppleMusic.debug.xcconfig */ = {isa = PBXFileReference; includeInIndex = 1; lastKnownFileType = text.xcconfig; name = "Pods-AppleMusic.debug.xcconfig"; path = "Target Support Files/Pods-AppleMusic/Pods-AppleMusic.debug.xcconfig"; sourceTree = "<group>"; };
		D878901B23943FEB003E0938 /* empty.json */ = {isa = PBXFileReference; fileEncoding = 4; lastKnownFileType = text.json; path = empty.json; sourceTree = "<group>"; };
		D8895DCE2394E1B2006A7673 /* LottieView.swift */ = {isa = PBXFileReference; lastKnownFileType = sourcecode.swift; path = LottieView.swift; sourceTree = "<group>"; };
		D8895DD02394E1C1006A7673 /* LottieView.xib */ = {isa = PBXFileReference; lastKnownFileType = file.xib; path = LottieView.xib; sourceTree = "<group>"; };
		D8895DD32394E27C006A7673 /* AppTheme.swift */ = {isa = PBXFileReference; lastKnownFileType = sourcecode.swift; path = AppTheme.swift; sourceTree = "<group>"; };
		D8895DD723959F35006A7673 /* NoConnection.json */ = {isa = PBXFileReference; fileEncoding = 4; lastKnownFileType = text.json; path = NoConnection.json; sourceTree = "<group>"; };
		D88F2269239066FA00F95511 /* SearchSongsAPI.swift */ = {isa = PBXFileReference; lastKnownFileType = sourcecode.swift; path = SearchSongsAPI.swift; sourceTree = "<group>"; };
		D88F226D2390673300F95511 /* SearchSongsURL.swift */ = {isa = PBXFileReference; lastKnownFileType = sourcecode.swift; path = SearchSongsURL.swift; sourceTree = "<group>"; };
		D88F226F239068C600F95511 /* APIResponse.swift */ = {isa = PBXFileReference; lastKnownFileType = sourcecode.swift; path = APIResponse.swift; sourceTree = "<group>"; };
		D88F22712390696900F95511 /* MainAPI.swift */ = {isa = PBXFileReference; lastKnownFileType = sourcecode.swift; path = MainAPI.swift; sourceTree = "<group>"; };
		D88F2275239072DB00F95511 /* Songs.swift */ = {isa = PBXFileReference; lastKnownFileType = sourcecode.swift; path = Songs.swift; sourceTree = "<group>"; };
		D8E5BC14238AC20B00AAC345 /* AppleMusic.app */ = {isa = PBXFileReference; explicitFileType = wrapper.application; includeInIndex = 0; path = AppleMusic.app; sourceTree = BUILT_PRODUCTS_DIR; };
		D8E5BC17238AC20B00AAC345 /* AppDelegate.swift */ = {isa = PBXFileReference; lastKnownFileType = sourcecode.swift; path = AppDelegate.swift; sourceTree = "<group>"; };
		D8E5BC19238AC20B00AAC345 /* SceneDelegate.swift */ = {isa = PBXFileReference; lastKnownFileType = sourcecode.swift; path = SceneDelegate.swift; sourceTree = "<group>"; };
		D8E5BC20238AC21000AAC345 /* Assets.xcassets */ = {isa = PBXFileReference; lastKnownFileType = folder.assetcatalog; path = Assets.xcassets; sourceTree = "<group>"; };
		D8E5BC23238AC21000AAC345 /* Base */ = {isa = PBXFileReference; lastKnownFileType = file.storyboard; name = Base; path = Base.lproj/LaunchScreen.storyboard; sourceTree = "<group>"; };
		D8E5BC25238AC21000AAC345 /* Info.plist */ = {isa = PBXFileReference; lastKnownFileType = text.plist.xml; path = Info.plist; sourceTree = "<group>"; };
		D8E5BC2B238AC25400AAC345 /* MainTabBarController.swift */ = {isa = PBXFileReference; lastKnownFileType = sourcecode.swift; path = MainTabBarController.swift; sourceTree = "<group>"; };
		D8E5BC2D238AC2FA00AAC345 /* Search.storyboard */ = {isa = PBXFileReference; lastKnownFileType = file.storyboard; path = Search.storyboard; sourceTree = "<group>"; };
		D8E5BC2E238AC2FA00AAC345 /* SearchPresenter.swift */ = {isa = PBXFileReference; lastKnownFileType = sourcecode.swift; path = SearchPresenter.swift; sourceTree = "<group>"; };
		D8E5BC2F238AC2FA00AAC345 /* SearchRouter.swift */ = {isa = PBXFileReference; lastKnownFileType = sourcecode.swift; path = SearchRouter.swift; sourceTree = "<group>"; };
		D8E5BC30238AC2FA00AAC345 /* SearchViewController.swift */ = {isa = PBXFileReference; lastKnownFileType = sourcecode.swift; path = SearchViewController.swift; sourceTree = "<group>"; };
		D8E5BC31238AC2FA00AAC345 /* SearchProtocols.swift */ = {isa = PBXFileReference; lastKnownFileType = sourcecode.swift; path = SearchProtocols.swift; sourceTree = "<group>"; };
		D8E5BC32238AC2FA00AAC345 /* SearchInteractor.swift */ = {isa = PBXFileReference; lastKnownFileType = sourcecode.swift; path = SearchInteractor.swift; sourceTree = "<group>"; };
		D8E5BC33238AC2FA00AAC345 /* SearchConfigurator.swift */ = {isa = PBXFileReference; lastKnownFileType = sourcecode.swift; path = SearchConfigurator.swift; sourceTree = "<group>"; };
		D8E5BC3C238AC31400AAC345 /* Library.storyboard */ = {isa = PBXFileReference; lastKnownFileType = file.storyboard; path = Library.storyboard; sourceTree = "<group>"; };
		D8E5BC3D238AC31400AAC345 /* LibraryPresenter.swift */ = {isa = PBXFileReference; lastKnownFileType = sourcecode.swift; path = LibraryPresenter.swift; sourceTree = "<group>"; };
		D8E5BC3E238AC31400AAC345 /* LibraryRouter.swift */ = {isa = PBXFileReference; lastKnownFileType = sourcecode.swift; path = LibraryRouter.swift; sourceTree = "<group>"; };
		D8E5BC3F238AC31400AAC345 /* LibraryViewController.swift */ = {isa = PBXFileReference; lastKnownFileType = sourcecode.swift; path = LibraryViewController.swift; sourceTree = "<group>"; };
		D8E5BC40238AC31400AAC345 /* LibraryProtocols.swift */ = {isa = PBXFileReference; lastKnownFileType = sourcecode.swift; path = LibraryProtocols.swift; sourceTree = "<group>"; };
		D8E5BC41238AC31400AAC345 /* LibraryInteractor.swift */ = {isa = PBXFileReference; lastKnownFileType = sourcecode.swift; path = LibraryInteractor.swift; sourceTree = "<group>"; };
		D8E5BC42238AC31400AAC345 /* LibraryConfigurator.swift */ = {isa = PBXFileReference; lastKnownFileType = sourcecode.swift; path = LibraryConfigurator.swift; sourceTree = "<group>"; };
		EF3BC4FE239FAFD30089019E /* UIViewController + Storyboard.swift */ = {isa = PBXFileReference; lastKnownFileType = sourcecode.swift; path = "UIViewController + Storyboard.swift"; sourceTree = "<group>"; };
		EF3BC500239FD21C0089019E /* SearchingViewController.swift */ = {isa = PBXFileReference; lastKnownFileType = sourcecode.swift; path = SearchingViewController.swift; sourceTree = "<group>"; };
		EF466DFF23A0EFB100DA98FA /* PMVolumeView.swift */ = {isa = PBXFileReference; lastKnownFileType = sourcecode.swift; path = PMVolumeView.swift; sourceTree = "<group>"; };
		EF466E0123A0EFBD00DA98FA /* PMVolumeView.xib */ = {isa = PBXFileReference; lastKnownFileType = file.xib; path = PMVolumeView.xib; sourceTree = "<group>"; };
		EF466E0323A11BAB00DA98FA /* Extension + TableDirector.swift */ = {isa = PBXFileReference; lastKnownFileType = sourcecode.swift; path = "Extension + TableDirector.swift"; sourceTree = "<group>"; };
		EF466E0523A11BDA00DA98FA /* UITableView + TableFlip.swift */ = {isa = PBXFileReference; lastKnownFileType = sourcecode.swift; path = "UITableView + TableFlip.swift"; sourceTree = "<group>"; };
		EF4FDA5723A8135D002CC8F0 /* TopLibraryView.swift */ = {isa = PBXFileReference; lastKnownFileType = sourcecode.swift; path = TopLibraryView.swift; sourceTree = "<group>"; };
		EF4FDA5923A81366002CC8F0 /* TopLibraryView.xib */ = {isa = PBXFileReference; lastKnownFileType = file.xib; path = TopLibraryView.xib; sourceTree = "<group>"; };
		EF864DF1239D631A0088348F /* Extension + CMTime.swift */ = {isa = PBXFileReference; lastKnownFileType = sourcecode.swift; path = "Extension + CMTime.swift"; sourceTree = "<group>"; };
		EF864DF3239ECF620088348F /* Extension + Nib.swift */ = {isa = PBXFileReference; lastKnownFileType = sourcecode.swift; path = "Extension + Nib.swift"; sourceTree = "<group>"; };
		EF8DBBD1239A6F6A003A034B /* Extension + ViewController.swift */ = {isa = PBXFileReference; lastKnownFileType = sourcecode.swift; path = "Extension + ViewController.swift"; sourceTree = "<group>"; };
		EF8DBBD4239A6FDA003A034B /* Alertable.swift */ = {isa = PBXFileReference; lastKnownFileType = sourcecode.swift; path = Alertable.swift; sourceTree = "<group>"; };
		EF8DBBD6239A6FF6003A034B /* Loadable.swift */ = {isa = PBXFileReference; lastKnownFileType = sourcecode.swift; path = Loadable.swift; sourceTree = "<group>"; };
		EF8DBBDA239A8A10003A034B /* TrackDetailView.swift */ = {isa = PBXFileReference; lastKnownFileType = sourcecode.swift; path = TrackDetailView.swift; sourceTree = "<group>"; };
		EF8DBBDC239A8A1D003A034B /* TrackDetailView.xib */ = {isa = PBXFileReference; lastKnownFileType = file.xib; path = TrackDetailView.xib; sourceTree = "<group>"; };
		EFABB70323A97C62004889F9 /* Extension + CGFloat.swift */ = {isa = PBXFileReference; lastKnownFileType = sourcecode.swift; path = "Extension + CGFloat.swift"; sourceTree = "<group>"; };
		EFABB70623AA2425004889F9 /* BounceButton.swift */ = {isa = PBXFileReference; lastKnownFileType = sourcecode.swift; path = BounceButton.swift; sourceTree = "<group>"; };
		EFABB70823AA363D004889F9 /* DesignableBounceButton.swift */ = {isa = PBXFileReference; lastKnownFileType = sourcecode.swift; path = DesignableBounceButton.swift; sourceTree = "<group>"; };
		EFBBA80723A01C6500DABC80 /* MainTabBarProtocols.swift */ = {isa = PBXFileReference; lastKnownFileType = sourcecode.swift; path = MainTabBarProtocols.swift; sourceTree = "<group>"; };
		EFBBA80923A01CDC00DABC80 /* TrackDetailProtocols.swift */ = {isa = PBXFileReference; lastKnownFileType = sourcecode.swift; path = TrackDetailProtocols.swift; sourceTree = "<group>"; };
		EFDE388923926B83008260E8 /* SearchingManager.swift */ = {isa = PBXFileReference; lastKnownFileType = sourcecode.swift; path = SearchingManager.swift; sourceTree = "<group>"; };
		EFDE388C239285A0008260E8 /* SearchCell.swift */ = {isa = PBXFileReference; lastKnownFileType = sourcecode.swift; path = SearchCell.swift; sourceTree = "<group>"; };
		EFDE388F239285BE008260E8 /* SearchCell.xib */ = {isa = PBXFileReference; lastKnownFileType = file.xib; path = SearchCell.xib; sourceTree = "<group>"; };
		EFDE389223928CB4008260E8 /* Extension + UIView.swift */ = {isa = PBXFileReference; lastKnownFileType = sourcecode.swift; path = "Extension + UIView.swift"; sourceTree = "<group>"; };
		EFDE389423928D17008260E8 /* UIView + Anchors.swift */ = {isa = PBXFileReference; lastKnownFileType = sourcecode.swift; path = "UIView + Anchors.swift"; sourceTree = "<group>"; };
		FA54B0B4DA2CA0164598E2A4 /* Pods_AppleMusic.framework */ = {isa = PBXFileReference; explicitFileType = wrapper.framework; includeInIndex = 0; path = Pods_AppleMusic.framework; sourceTree = BUILT_PRODUCTS_DIR; };
/* End PBXFileReference section */

/* Begin PBXFrameworksBuildPhase section */
		D8E5BC11238AC20B00AAC345 /* Frameworks */ = {
			isa = PBXFrameworksBuildPhase;
			buildActionMask = 2147483647;
			files = (
				01D5D047C62D02C026A224BE /* Pods_AppleMusic.framework in Frameworks */,
			);
			runOnlyForDeploymentPostprocessing = 0;
		};
/* End PBXFrameworksBuildPhase section */

/* Begin PBXGroup section */
		CC5A1C352874461F3FB51974 /* Pods */ = {
			isa = PBXGroup;
			children = (
				A03EF45E27D18769FAF99281 /* Pods-AppleMusic.debug.xcconfig */,
				6E07352635932420789E1A5A /* Pods-AppleMusic.release.xcconfig */,
			);
			path = Pods;
			sourceTree = "<group>";
		};
		D8895DCD2394E1A3006A7673 /* CustomViews */ = {
			isa = PBXGroup;
			children = (
				EF4FDA5623A81344002CC8F0 /* TopLibraryView */,
				EF8DBBD9239A89FF003A034B /* TrackDetailView */,
				EF8DBBD8239A89EC003A034B /* LottieView */,
				EF466E0723A1300B00DA98FA /* PMVolumeView */,
			);
			path = CustomViews;
			sourceTree = "<group>";
		};
		D8895DD22394E273006A7673 /* Internal */ = {
			isa = PBXGroup;
			children = (
			);
			path = Internal;
			sourceTree = "<group>";
		};
		D8895DD52395602A006A7673 /* Helpers */ = {
			isa = PBXGroup;
			children = (
				EFABB70523AA2414004889F9 /* Custom Clases */,
				D8895DD623956036006A7673 /* LottieFiles */,
			);
			path = Helpers;
			sourceTree = "<group>";
		};
		D8895DD623956036006A7673 /* LottieFiles */ = {
			isa = PBXGroup;
			children = (
				D8895DD723959F35006A7673 /* NoConnection.json */,
				D878901B23943FEB003E0938 /* empty.json */,
			);
			path = LottieFiles;
			sourceTree = "<group>";
		};
		D88F2268239066B200F95511 /* API */ = {
			isa = PBXGroup;
			children = (
				D88F2269239066FA00F95511 /* SearchSongsAPI.swift */,
				D88F226F239068C600F95511 /* APIResponse.swift */,
				D88F22712390696900F95511 /* MainAPI.swift */,
			);
			path = API;
			sourceTree = "<group>";
		};
		D88F226B2390671100F95511 /* Constants */ = {
			isa = PBXGroup;
			children = (
				D88F226C2390671A00F95511 /* URLs */,
			);
			path = Constants;
			sourceTree = "<group>";
		};
		D88F226C2390671A00F95511 /* URLs */ = {
			isa = PBXGroup;
			children = (
				D88F226D2390673300F95511 /* SearchSongsURL.swift */,
			);
			path = URLs;
			sourceTree = "<group>";
		};
		D88F22732390715300F95511 /* Application */ = {
			isa = PBXGroup;
			children = (
				D8E5BC17238AC20B00AAC345 /* AppDelegate.swift */,
				D8E5BC19238AC20B00AAC345 /* SceneDelegate.swift */,
			);
			path = Application;
			sourceTree = "<group>";
		};
		D88F2274239072BD00F95511 /* Models */ = {
			isa = PBXGroup;
			children = (
				D8895DD22394E273006A7673 /* Internal */,
				D88F2275239072DB00F95511 /* Songs.swift */,
			);
			path = Models;
			sourceTree = "<group>";
		};
		D8E5BC0B238AC20B00AAC345 = {
			isa = PBXGroup;
			children = (
				D8E5BC16238AC20B00AAC345 /* AppleMusic */,
				D8E5BC15238AC20B00AAC345 /* Products */,
				CC5A1C352874461F3FB51974 /* Pods */,
				EEBF4B8F0DE2437B473E6CE6 /* Frameworks */,
			);
			sourceTree = "<group>";
		};
		D8E5BC15238AC20B00AAC345 /* Products */ = {
			isa = PBXGroup;
			children = (
				D8E5BC14238AC20B00AAC345 /* AppleMusic.app */,
			);
			name = Products;
			sourceTree = "<group>";
		};
		D8E5BC16238AC20B00AAC345 /* AppleMusic */ = {
			isa = PBXGroup;
			children = (
				D8E5BC2B238AC25400AAC345 /* MainTabBarController.swift */,
				EFBBA80723A01C6500DABC80 /* MainTabBarProtocols.swift */,
				D88F22732390715300F95511 /* Application */,
				D8E5BC4C238B127500AAC345 /* Common */,
				D8E5BC4B238AC32000AAC345 /* Modules */,
				EFDE389123928CA4008260E8 /* Extension */,
				D8895DD52395602A006A7673 /* Helpers */,
				D8E5BC20238AC21000AAC345 /* Assets.xcassets */,
				D8E5BC22238AC21000AAC345 /* LaunchScreen.storyboard */,
				D8E5BC25238AC21000AAC345 /* Info.plist */,
				EF3BC500239FD21C0089019E /* SearchingViewController.swift */,
			);
			path = AppleMusic;
			sourceTree = "<group>";
		};
		D8E5BC3B238AC30600AAC345 /* Search */ = {
			isa = PBXGroup;
			children = (
				D8E5BC2D238AC2FA00AAC345 /* Search.storyboard */,
				D8E5BC2E238AC2FA00AAC345 /* SearchPresenter.swift */,
				D8E5BC2F238AC2FA00AAC345 /* SearchRouter.swift */,
				D8E5BC30238AC2FA00AAC345 /* SearchViewController.swift */,
				D8E5BC32238AC2FA00AAC345 /* SearchInteractor.swift */,
				D8E5BC33238AC2FA00AAC345 /* SearchConfigurator.swift */,
				D8E5BC31238AC2FA00AAC345 /* SearchProtocols.swift */,
			);
			path = Search;
			sourceTree = "<group>";
		};
		D8E5BC4A238AC31700AAC345 /* Library */ = {
			isa = PBXGroup;
			children = (
				D8E5BC3C238AC31400AAC345 /* Library.storyboard */,
				D8E5BC3D238AC31400AAC345 /* LibraryPresenter.swift */,
				D8E5BC3E238AC31400AAC345 /* LibraryRouter.swift */,
				D8E5BC3F238AC31400AAC345 /* LibraryViewController.swift */,
				D8E5BC41238AC31400AAC345 /* LibraryInteractor.swift */,
				D8E5BC42238AC31400AAC345 /* LibraryConfigurator.swift */,
				D8E5BC40238AC31400AAC345 /* LibraryProtocols.swift */,
			);
			path = Library;
			sourceTree = "<group>";
		};
		D8E5BC4B238AC32000AAC345 /* Modules */ = {
			isa = PBXGroup;
			children = (
				D8E5BC3B238AC30600AAC345 /* Search */,
				D8E5BC4A238AC31700AAC345 /* Library */,
			);
			path = Modules;
			sourceTree = "<group>";
		};
		D8E5BC4C238B127500AAC345 /* Common */ = {
			isa = PBXGroup;
			children = (
				EF8DBBD3239A6FCE003A034B /* Protocols */,
				D8895DD32394E27C006A7673 /* AppTheme.swift */,
				D88F2274239072BD00F95511 /* Models */,
				EFDE388B23928430008260E8 /* Views */,
				EFDE388723926AC6008260E8 /* Managers */,
				D88F226B2390671100F95511 /* Constants */,
				D88F2268239066B200F95511 /* API */,
			);
			path = Common;
			sourceTree = "<group>";
		};
		EEBF4B8F0DE2437B473E6CE6 /* Frameworks */ = {
			isa = PBXGroup;
			children = (
				FA54B0B4DA2CA0164598E2A4 /* Pods_AppleMusic.framework */,
			);
			name = Frameworks;
			sourceTree = "<group>";
		};
		EF466E0723A1300B00DA98FA /* PMVolumeView */ = {
			isa = PBXGroup;
			children = (
				EF466DFF23A0EFB100DA98FA /* PMVolumeView.swift */,
				EF466E0123A0EFBD00DA98FA /* PMVolumeView.xib */,
			);
			name = PMVolumeView;
			sourceTree = "<group>";
		};
		EF4FDA5623A81344002CC8F0 /* TopLibraryView */ = {
			isa = PBXGroup;
			children = (
				EF4FDA5723A8135D002CC8F0 /* TopLibraryView.swift */,
				EF4FDA5923A81366002CC8F0 /* TopLibraryView.xib */,
			);
			path = TopLibraryView;
			sourceTree = "<group>";
		};
		EF8DBBD3239A6FCE003A034B /* Protocols */ = {
			isa = PBXGroup;
			children = (
				EF8DBBD4239A6FDA003A034B /* Alertable.swift */,
				EF8DBBD6239A6FF6003A034B /* Loadable.swift */,
			);
			path = Protocols;
			sourceTree = "<group>";
		};
		EF8DBBD8239A89EC003A034B /* LottieView */ = {
			isa = PBXGroup;
			children = (
				D8895DCE2394E1B2006A7673 /* LottieView.swift */,
				D8895DD02394E1C1006A7673 /* LottieView.xib */,
			);
			path = LottieView;
			sourceTree = "<group>";
		};
		EF8DBBD9239A89FF003A034B /* TrackDetailView */ = {
			isa = PBXGroup;
			children = (
				EF8DBBDA239A8A10003A034B /* TrackDetailView.swift */,
				EF8DBBDC239A8A1D003A034B /* TrackDetailView.xib */,
				EFBBA80923A01CDC00DABC80 /* TrackDetailProtocols.swift */,
			);
			path = TrackDetailView;
			sourceTree = "<group>";
		};
		EFABB70523AA2414004889F9 /* Custom Clases */ = {
			isa = PBXGroup;
			children = (
				EFABB70623AA2425004889F9 /* BounceButton.swift */,
				EFABB70823AA363D004889F9 /* DesignableBounceButton.swift */,
			);
			path = "Custom Clases";
			sourceTree = "<group>";
		};
		EFDE388723926AC6008260E8 /* Managers */ = {
			isa = PBXGroup;
			children = (
				EFDE388823926ADE008260E8 /* Network */,
			);
			path = Managers;
			sourceTree = "<group>";
		};
		EFDE388823926ADE008260E8 /* Network */ = {
			isa = PBXGroup;
			children = (
				EFDE388923926B83008260E8 /* SearchingManager.swift */,
			);
			path = Network;
			sourceTree = "<group>";
		};
		EFDE388B23928430008260E8 /* Views */ = {
			isa = PBXGroup;
			children = (
				D8895DCD2394E1A3006A7673 /* CustomViews */,
				EFDE388E239285A7008260E8 /* TableCells */,
			);
			path = Views;
			sourceTree = "<group>";
		};
		EFDE388E239285A7008260E8 /* TableCells */ = {
			isa = PBXGroup;
			children = (
				EFDE388C239285A0008260E8 /* SearchCell.swift */,
				EFDE388F239285BE008260E8 /* SearchCell.xib */,
			);
			path = TableCells;
			sourceTree = "<group>";
		};
		EFDE389123928CA4008260E8 /* Extension */ = {
			isa = PBXGroup;
			children = (
				EFDE389223928CB4008260E8 /* Extension + UIView.swift */,
				EF864DF1239D631A0088348F /* Extension + CMTime.swift */,
				EF8DBBD1239A6F6A003A034B /* Extension + ViewController.swift */,
				EF3BC4FE239FAFD30089019E /* UIViewController + Storyboard.swift */,
				EFDE389423928D17008260E8 /* UIView + Anchors.swift */,
				EF864DF3239ECF620088348F /* Extension + Nib.swift */,
				EF466E0323A11BAB00DA98FA /* Extension + TableDirector.swift */,
				EF466E0523A11BDA00DA98FA /* UITableView + TableFlip.swift */,
				EFABB70323A97C62004889F9 /* Extension + CGFloat.swift */,
			);
			path = Extension;
			sourceTree = "<group>";
		};
/* End PBXGroup section */

/* Begin PBXNativeTarget section */
		D8E5BC13238AC20B00AAC345 /* AppleMusic */ = {
			isa = PBXNativeTarget;
			buildConfigurationList = D8E5BC28238AC21000AAC345 /* Build configuration list for PBXNativeTarget "AppleMusic" */;
			buildPhases = (
				636BE2D92816E1ED5DDCCC81 /* [CP] Check Pods Manifest.lock */,
				D8E5BC10238AC20B00AAC345 /* Sources */,
				D8E5BC11238AC20B00AAC345 /* Frameworks */,
				D8E5BC12238AC20B00AAC345 /* Resources */,
				701E6A0B6416193050592F21 /* [CP] Embed Pods Frameworks */,
			);
			buildRules = (
			);
			dependencies = (
			);
			name = AppleMusic;
			productName = AppleMusic;
			productReference = D8E5BC14238AC20B00AAC345 /* AppleMusic.app */;
			productType = "com.apple.product-type.application";
		};
/* End PBXNativeTarget section */

/* Begin PBXProject section */
		D8E5BC0C238AC20B00AAC345 /* Project object */ = {
			isa = PBXProject;
			attributes = {
				LastSwiftUpdateCheck = 1120;
				LastUpgradeCheck = 1120;
				ORGANIZATIONNAME = Vitaly;
				TargetAttributes = {
					D8E5BC13238AC20B00AAC345 = {
						CreatedOnToolsVersion = 11.2.1;
					};
				};
			};
			buildConfigurationList = D8E5BC0F238AC20B00AAC345 /* Build configuration list for PBXProject "AppleMusic" */;
			compatibilityVersion = "Xcode 9.3";
			developmentRegion = en;
			hasScannedForEncodings = 0;
			knownRegions = (
				en,
				Base,
			);
			mainGroup = D8E5BC0B238AC20B00AAC345;
			productRefGroup = D8E5BC15238AC20B00AAC345 /* Products */;
			projectDirPath = "";
			projectRoot = "";
			targets = (
				D8E5BC13238AC20B00AAC345 /* AppleMusic */,
			);
		};
/* End PBXProject section */

/* Begin PBXResourcesBuildPhase section */
		D8E5BC12238AC20B00AAC345 /* Resources */ = {
			isa = PBXResourcesBuildPhase;
			buildActionMask = 2147483647;
			files = (
				D878901C23943FEB003E0938 /* empty.json in Resources */,
				D8E5BC24238AC21000AAC345 /* LaunchScreen.storyboard in Resources */,
				D8E5BC21238AC21000AAC345 /* Assets.xcassets in Resources */,
				D8895DD12394E1C1006A7673 /* LottieView.xib in Resources */,
				D8E5BC43238AC31400AAC345 /* Library.storyboard in Resources */,
				EF466E0223A0EFBD00DA98FA /* PMVolumeView.xib in Resources */,
				EFDE3890239285BE008260E8 /* SearchCell.xib in Resources */,
				EF18B11823A92CFE00963A2C /* TopLibraryView.xib in Resources */,
				D8E5BC34238AC2FA00AAC345 /* Search.storyboard in Resources */,
				EF8DBBDD239A8A1D003A034B /* TrackDetailView.xib in Resources */,
				D8895DD823959F35006A7673 /* NoConnection.json in Resources */,
			);
			runOnlyForDeploymentPostprocessing = 0;
		};
/* End PBXResourcesBuildPhase section */

/* Begin PBXShellScriptBuildPhase section */
		636BE2D92816E1ED5DDCCC81 /* [CP] Check Pods Manifest.lock */ = {
			isa = PBXShellScriptBuildPhase;
			buildActionMask = 2147483647;
			files = (
			);
			inputFileListPaths = (
			);
			inputPaths = (
				"${PODS_PODFILE_DIR_PATH}/Podfile.lock",
				"${PODS_ROOT}/Manifest.lock",
			);
			name = "[CP] Check Pods Manifest.lock";
			outputFileListPaths = (
			);
			outputPaths = (
				"$(DERIVED_FILE_DIR)/Pods-AppleMusic-checkManifestLockResult.txt",
			);
			runOnlyForDeploymentPostprocessing = 0;
			shellPath = /bin/sh;
			shellScript = "diff \"${PODS_PODFILE_DIR_PATH}/Podfile.lock\" \"${PODS_ROOT}/Manifest.lock\" > /dev/null\nif [ $? != 0 ] ; then\n    # print error to STDERR\n    echo \"error: The sandbox is not in sync with the Podfile.lock. Run 'pod install' or update your CocoaPods installation.\" >&2\n    exit 1\nfi\n# This output is used by Xcode 'outputs' to avoid re-running this script phase.\necho \"SUCCESS\" > \"${SCRIPT_OUTPUT_FILE_0}\"\n";
			showEnvVarsInLog = 0;
		};
		701E6A0B6416193050592F21 /* [CP] Embed Pods Frameworks */ = {
			isa = PBXShellScriptBuildPhase;
			buildActionMask = 2147483647;
			files = (
			);
			inputFileListPaths = (
				"${PODS_ROOT}/Target Support Files/Pods-AppleMusic/Pods-AppleMusic-frameworks-${CONFIGURATION}-input-files.xcfilelist",
			);
			name = "[CP] Embed Pods Frameworks";
			outputFileListPaths = (
				"${PODS_ROOT}/Target Support Files/Pods-AppleMusic/Pods-AppleMusic-frameworks-${CONFIGURATION}-output-files.xcfilelist",
			);
			runOnlyForDeploymentPostprocessing = 0;
			shellPath = /bin/sh;
			shellScript = "\"${PODS_ROOT}/Target Support Files/Pods-AppleMusic/Pods-AppleMusic-frameworks.sh\"\n";
			showEnvVarsInLog = 0;
		};
/* End PBXShellScriptBuildPhase section */

/* Begin PBXSourcesBuildPhase section */
		D8E5BC10238AC20B00AAC345 /* Sources */ = {
			isa = PBXSourcesBuildPhase;
			buildActionMask = 2147483647;
			files = (
				EFABB70923AA363D004889F9 /* DesignableBounceButton.swift in Sources */,
				EFBBA80823A01C6500DABC80 /* MainTabBarProtocols.swift in Sources */,
				D8E5BC3A238AC2FA00AAC345 /* SearchConfigurator.swift in Sources */,
				EFDE388D239285A0008260E8 /* SearchCell.swift in Sources */,
				D8895DCF2394E1B2006A7673 /* LottieView.swift in Sources */,
				EF3BC4FF239FAFD30089019E /* UIViewController + Storyboard.swift in Sources */,
				EFABB70723AA2425004889F9 /* BounceButton.swift in Sources */,
				EF8DBBDB239A8A10003A034B /* TrackDetailView.swift in Sources */,
				D8895DD42394E27C006A7673 /* AppTheme.swift in Sources */,
				EF864DF2239D631A0088348F /* Extension + CMTime.swift in Sources */,
				EFABB70423A97C62004889F9 /* Extension + CGFloat.swift in Sources */,
				D8E5BC36238AC2FA00AAC345 /* SearchRouter.swift in Sources */,
				EFDE388A23926B83008260E8 /* SearchingManager.swift in Sources */,
				EF8DBBD2239A6F6A003A034B /* Extension + ViewController.swift in Sources */,
				D88F226A239066FA00F95511 /* SearchSongsAPI.swift in Sources */,
				EF466E0423A11BAB00DA98FA /* Extension + TableDirector.swift in Sources */,
				D88F22722390696900F95511 /* MainAPI.swift in Sources */,
				D8E5BC37238AC2FA00AAC345 /* SearchViewController.swift in Sources */,
				EFBBA80A23A01CDC00DABC80 /* TrackDetailProtocols.swift in Sources */,
				D8E5BC48238AC31400AAC345 /* LibraryInteractor.swift in Sources */,
				EFDE389323928CB4008260E8 /* Extension + UIView.swift in Sources */,
				EF4FDA5823A8135D002CC8F0 /* TopLibraryView.swift in Sources */,
				D8E5BC45238AC31400AAC345 /* LibraryRouter.swift in Sources */,
				D8E5BC39238AC2FA00AAC345 /* SearchInteractor.swift in Sources */,
				EF466E0623A11BDA00DA98FA /* UITableView + TableFlip.swift in Sources */,
				D8E5BC38238AC2FA00AAC345 /* SearchProtocols.swift in Sources */,
				EF864DF4239ECF620088348F /* Extension + Nib.swift in Sources */,
				D8E5BC18238AC20B00AAC345 /* AppDelegate.swift in Sources */,
				EF466E0023A0EFB100DA98FA /* PMVolumeView.swift in Sources */,
				D8E5BC44238AC31400AAC345 /* LibraryPresenter.swift in Sources */,
				D8E5BC47238AC31400AAC345 /* LibraryProtocols.swift in Sources */,
				D8E5BC35238AC2FA00AAC345 /* SearchPresenter.swift in Sources */,
				D8E5BC49238AC31400AAC345 /* LibraryConfigurator.swift in Sources */,
				D88F226E2390673300F95511 /* SearchSongsURL.swift in Sources */,
				D8E5BC2C238AC25400AAC345 /* MainTabBarController.swift in Sources */,
				EF8DBBD5239A6FDA003A034B /* Alertable.swift in Sources */,
				EF3BC501239FD21C0089019E /* SearchingViewController.swift in Sources */,
				EFDE389523928D17008260E8 /* UIView + Anchors.swift in Sources */,
				EF8DBBD7239A6FF6003A034B /* Loadable.swift in Sources */,
				D8E5BC1A238AC20B00AAC345 /* SceneDelegate.swift in Sources */,
				D8E5BC46238AC31400AAC345 /* LibraryViewController.swift in Sources */,
				D88F2276239072DB00F95511 /* Songs.swift in Sources */,
				D88F2270239068C600F95511 /* APIResponse.swift in Sources */,
			);
			runOnlyForDeploymentPostprocessing = 0;
		};
/* End PBXSourcesBuildPhase section */

/* Begin PBXVariantGroup section */
		D8E5BC22238AC21000AAC345 /* LaunchScreen.storyboard */ = {
			isa = PBXVariantGroup;
			children = (
				D8E5BC23238AC21000AAC345 /* Base */,
			);
			name = LaunchScreen.storyboard;
			sourceTree = "<group>";
		};
/* End PBXVariantGroup section */

/* Begin XCBuildConfiguration section */
		D8E5BC26238AC21000AAC345 /* Debug */ = {
			isa = XCBuildConfiguration;
			buildSettings = {
				ALWAYS_SEARCH_USER_PATHS = NO;
				CLANG_ANALYZER_NONNULL = YES;
				CLANG_ANALYZER_NUMBER_OBJECT_CONVERSION = YES_AGGRESSIVE;
				CLANG_CXX_LANGUAGE_STANDARD = "gnu++14";
				CLANG_CXX_LIBRARY = "libc++";
				CLANG_ENABLE_MODULES = YES;
				CLANG_ENABLE_OBJC_ARC = YES;
				CLANG_ENABLE_OBJC_WEAK = YES;
				CLANG_WARN_BLOCK_CAPTURE_AUTORELEASING = YES;
				CLANG_WARN_BOOL_CONVERSION = YES;
				CLANG_WARN_COMMA = YES;
				CLANG_WARN_CONSTANT_CONVERSION = YES;
				CLANG_WARN_DEPRECATED_OBJC_IMPLEMENTATIONS = YES;
				CLANG_WARN_DIRECT_OBJC_ISA_USAGE = YES_ERROR;
				CLANG_WARN_DOCUMENTATION_COMMENTS = YES;
				CLANG_WARN_EMPTY_BODY = YES;
				CLANG_WARN_ENUM_CONVERSION = YES;
				CLANG_WARN_INFINITE_RECURSION = YES;
				CLANG_WARN_INT_CONVERSION = YES;
				CLANG_WARN_NON_LITERAL_NULL_CONVERSION = YES;
				CLANG_WARN_OBJC_IMPLICIT_RETAIN_SELF = YES;
				CLANG_WARN_OBJC_LITERAL_CONVERSION = YES;
				CLANG_WARN_OBJC_ROOT_CLASS = YES_ERROR;
				CLANG_WARN_RANGE_LOOP_ANALYSIS = YES;
				CLANG_WARN_STRICT_PROTOTYPES = YES;
				CLANG_WARN_SUSPICIOUS_MOVE = YES;
				CLANG_WARN_UNGUARDED_AVAILABILITY = YES_AGGRESSIVE;
				CLANG_WARN_UNREACHABLE_CODE = YES;
				CLANG_WARN__DUPLICATE_METHOD_MATCH = YES;
				COPY_PHASE_STRIP = NO;
				DEBUG_INFORMATION_FORMAT = dwarf;
				ENABLE_STRICT_OBJC_MSGSEND = YES;
				ENABLE_TESTABILITY = YES;
				GCC_C_LANGUAGE_STANDARD = gnu11;
				GCC_DYNAMIC_NO_PIC = NO;
				GCC_NO_COMMON_BLOCKS = YES;
				GCC_OPTIMIZATION_LEVEL = 0;
				GCC_PREPROCESSOR_DEFINITIONS = (
					"DEBUG=1",
					"$(inherited)",
				);
				GCC_WARN_64_TO_32_BIT_CONVERSION = YES;
				GCC_WARN_ABOUT_RETURN_TYPE = YES_ERROR;
				GCC_WARN_UNDECLARED_SELECTOR = YES;
				GCC_WARN_UNINITIALIZED_AUTOS = YES_AGGRESSIVE;
				GCC_WARN_UNUSED_FUNCTION = YES;
				GCC_WARN_UNUSED_VARIABLE = YES;
				IPHONEOS_DEPLOYMENT_TARGET = 13.2;
				MTL_ENABLE_DEBUG_INFO = INCLUDE_SOURCE;
				MTL_FAST_MATH = YES;
				ONLY_ACTIVE_ARCH = YES;
				SDKROOT = iphoneos;
				SWIFT_ACTIVE_COMPILATION_CONDITIONS = DEBUG;
				SWIFT_OPTIMIZATION_LEVEL = "-Onone";
			};
			name = Debug;
		};
		D8E5BC27238AC21000AAC345 /* Release */ = {
			isa = XCBuildConfiguration;
			buildSettings = {
				ALWAYS_SEARCH_USER_PATHS = NO;
				CLANG_ANALYZER_NONNULL = YES;
				CLANG_ANALYZER_NUMBER_OBJECT_CONVERSION = YES_AGGRESSIVE;
				CLANG_CXX_LANGUAGE_STANDARD = "gnu++14";
				CLANG_CXX_LIBRARY = "libc++";
				CLANG_ENABLE_MODULES = YES;
				CLANG_ENABLE_OBJC_ARC = YES;
				CLANG_ENABLE_OBJC_WEAK = YES;
				CLANG_WARN_BLOCK_CAPTURE_AUTORELEASING = YES;
				CLANG_WARN_BOOL_CONVERSION = YES;
				CLANG_WARN_COMMA = YES;
				CLANG_WARN_CONSTANT_CONVERSION = YES;
				CLANG_WARN_DEPRECATED_OBJC_IMPLEMENTATIONS = YES;
				CLANG_WARN_DIRECT_OBJC_ISA_USAGE = YES_ERROR;
				CLANG_WARN_DOCUMENTATION_COMMENTS = YES;
				CLANG_WARN_EMPTY_BODY = YES;
				CLANG_WARN_ENUM_CONVERSION = YES;
				CLANG_WARN_INFINITE_RECURSION = YES;
				CLANG_WARN_INT_CONVERSION = YES;
				CLANG_WARN_NON_LITERAL_NULL_CONVERSION = YES;
				CLANG_WARN_OBJC_IMPLICIT_RETAIN_SELF = YES;
				CLANG_WARN_OBJC_LITERAL_CONVERSION = YES;
				CLANG_WARN_OBJC_ROOT_CLASS = YES_ERROR;
				CLANG_WARN_RANGE_LOOP_ANALYSIS = YES;
				CLANG_WARN_STRICT_PROTOTYPES = YES;
				CLANG_WARN_SUSPICIOUS_MOVE = YES;
				CLANG_WARN_UNGUARDED_AVAILABILITY = YES_AGGRESSIVE;
				CLANG_WARN_UNREACHABLE_CODE = YES;
				CLANG_WARN__DUPLICATE_METHOD_MATCH = YES;
				COPY_PHASE_STRIP = NO;
				DEBUG_INFORMATION_FORMAT = "dwarf-with-dsym";
				ENABLE_NS_ASSERTIONS = NO;
				ENABLE_STRICT_OBJC_MSGSEND = YES;
				GCC_C_LANGUAGE_STANDARD = gnu11;
				GCC_NO_COMMON_BLOCKS = YES;
				GCC_WARN_64_TO_32_BIT_CONVERSION = YES;
				GCC_WARN_ABOUT_RETURN_TYPE = YES_ERROR;
				GCC_WARN_UNDECLARED_SELECTOR = YES;
				GCC_WARN_UNINITIALIZED_AUTOS = YES_AGGRESSIVE;
				GCC_WARN_UNUSED_FUNCTION = YES;
				GCC_WARN_UNUSED_VARIABLE = YES;
				IPHONEOS_DEPLOYMENT_TARGET = 13.2;
				MTL_ENABLE_DEBUG_INFO = NO;
				MTL_FAST_MATH = YES;
				SDKROOT = iphoneos;
				SWIFT_COMPILATION_MODE = wholemodule;
				SWIFT_OPTIMIZATION_LEVEL = "-O";
				VALIDATE_PRODUCT = YES;
			};
			name = Release;
		};
		D8E5BC29238AC21000AAC345 /* Debug */ = {
			isa = XCBuildConfiguration;
			baseConfigurationReference = A03EF45E27D18769FAF99281 /* Pods-AppleMusic.debug.xcconfig */;
			buildSettings = {
				ASSETCATALOG_COMPILER_APPICON_NAME = AppIcon;
				CODE_SIGN_IDENTITY = "Apple Development";
				CODE_SIGN_STYLE = Automatic;
				DEVELOPMENT_TEAM = 8L3SNZ837Y;
				INFOPLIST_FILE = AppleMusic/Info.plist;
				LD_RUNPATH_SEARCH_PATHS = (
					"$(inherited)",
					"@executable_path/Frameworks",
				);
				PRODUCT_BUNDLE_IDENTIFIER = appMusics;
				PRODUCT_NAME = "$(TARGET_NAME)";
				PROVISIONING_PROFILE_SPECIFIER = "";
				SWIFT_VERSION = 5.0;
				TARGETED_DEVICE_FAMILY = 1;
			};
			name = Debug;
		};
		D8E5BC2A238AC21000AAC345 /* Release */ = {
			isa = XCBuildConfiguration;
			baseConfigurationReference = 6E07352635932420789E1A5A /* Pods-AppleMusic.release.xcconfig */;
			buildSettings = {
				ASSETCATALOG_COMPILER_APPICON_NAME = AppIcon;
				CODE_SIGN_IDENTITY = "Apple Development";
				CODE_SIGN_STYLE = Automatic;
				DEVELOPMENT_TEAM = 8L3SNZ837Y;
				INFOPLIST_FILE = AppleMusic/Info.plist;
				LD_RUNPATH_SEARCH_PATHS = (
					"$(inherited)",
					"@executable_path/Frameworks",
				);
				PRODUCT_BUNDLE_IDENTIFIER = appMusics;
				PRODUCT_NAME = "$(TARGET_NAME)";
				PROVISIONING_PROFILE_SPECIFIER = "";
				SWIFT_VERSION = 5.0;
				TARGETED_DEVICE_FAMILY = 1;
			};
			name = Release;
		};
/* End XCBuildConfiguration section */

/* Begin XCConfigurationList section */
		D8E5BC0F238AC20B00AAC345 /* Build configuration list for PBXProject "AppleMusic" */ = {
			isa = XCConfigurationList;
			buildConfigurations = (
				D8E5BC26238AC21000AAC345 /* Debug */,
				D8E5BC27238AC21000AAC345 /* Release */,
			);
			defaultConfigurationIsVisible = 0;
			defaultConfigurationName = Release;
		};
		D8E5BC28238AC21000AAC345 /* Build configuration list for PBXNativeTarget "AppleMusic" */ = {
			isa = XCConfigurationList;
			buildConfigurations = (
				D8E5BC29238AC21000AAC345 /* Debug */,
				D8E5BC2A238AC21000AAC345 /* Release */,
			);
			defaultConfigurationIsVisible = 0;
			defaultConfigurationName = Release;
		};
/* End XCConfigurationList section */
	};
	rootObject = D8E5BC0C238AC20B00AAC345 /* Project object */;
}
